// !$*UTF8*$!
{
	archiveVersion = 1;
	classes = {
	};
	objectVersion = 55;
	objects = {

/* Begin PBXBuildFile section */
		9C184EFE273BFF9A0069D610 /* CustomCell.swift in Sources */ = {isa = PBXBuildFile; fileRef = 9C184EFD273BFF9A0069D610 /* CustomCell.swift */; };
		9C3C67812739682000C1065B /* AppDelegate.swift in Sources */ = {isa = PBXBuildFile; fileRef = 9C3C67802739682000C1065B /* AppDelegate.swift */; };
		9C3C67832739682000C1065B /* SceneDelegate.swift in Sources */ = {isa = PBXBuildFile; fileRef = 9C3C67822739682000C1065B /* SceneDelegate.swift */; };
		9C3C67852739682000C1065B /* ViewController.swift in Sources */ = {isa = PBXBuildFile; fileRef = 9C3C67842739682000C1065B /* ViewController.swift */; };
		9C3C67882739682000C1065B /* Main.storyboard in Resources */ = {isa = PBXBuildFile; fileRef = 9C3C67862739682000C1065B /* Main.storyboard */; };
		9C3C678B2739682000C1065B /* RPSAPP.xcdatamodeld in Sources */ = {isa = PBXBuildFile; fileRef = 9C3C67892739682000C1065B /* RPSAPP.xcdatamodeld */; };
		9C3C678D2739682100C1065B /* Assets.xcassets in Resources */ = {isa = PBXBuildFile; fileRef = 9C3C678C2739682100C1065B /* Assets.xcassets */; };
		9C3C67902739682100C1065B /* LaunchScreen.storyboard in Resources */ = {isa = PBXBuildFile; fileRef = 9C3C678E2739682100C1065B /* LaunchScreen.storyboard */; };
		9C4C1716273AAD8800BADBA5 /* ViewController2.swift in Sources */ = {isa = PBXBuildFile; fileRef = 9C4C1715273AAD8800BADBA5 /* ViewController2.swift */; };
		9C4C1718273AADA000BADBA5 /* ViewController3.swift in Sources */ = {isa = PBXBuildFile; fileRef = 9C4C1717273AADA000BADBA5 /* ViewController3.swift */; };
		9C4C171A273AADDE00BADBA5 /* ViewController4.swift in Sources */ = {isa = PBXBuildFile; fileRef = 9C4C1719273AADDE00BADBA5 /* ViewController4.swift */; };
/* End PBXBuildFile section */

/* Begin PBXFileReference section */
		9C184EFD273BFF9A0069D610 /* CustomCell.swift */ = {isa = PBXFileReference; lastKnownFileType = sourcecode.swift; path = CustomCell.swift; sourceTree = "<group>"; };
		9C3C677D2739681F00C1065B /* RPSAPP.app */ = {isa = PBXFileReference; explicitFileType = wrapper.application; includeInIndex = 0; path = RPSAPP.app; sourceTree = BUILT_PRODUCTS_DIR; };
		9C3C67802739682000C1065B /* AppDelegate.swift */ = {isa = PBXFileReference; lastKnownFileType = sourcecode.swift; path = AppDelegate.swift; sourceTree = "<group>"; };
		9C3C67822739682000C1065B /* SceneDelegate.swift */ = {isa = PBXFileReference; lastKnownFileType = sourcecode.swift; path = SceneDelegate.swift; sourceTree = "<group>"; };
		9C3C67842739682000C1065B /* ViewController.swift */ = {isa = PBXFileReference; lastKnownFileType = sourcecode.swift; path = ViewController.swift; sourceTree = "<group>"; };
		9C3C67872739682000C1065B /* Base */ = {isa = PBXFileReference; lastKnownFileType = file.storyboard; name = Base; path = Base.lproj/Main.storyboard; sourceTree = "<group>"; };
		9C3C678A2739682000C1065B /* RPSAPP.xcdatamodel */ = {isa = PBXFileReference; lastKnownFileType = wrapper.xcdatamodel; path = RPSAPP.xcdatamodel; sourceTree = "<group>"; };
		9C3C678C2739682100C1065B /* Assets.xcassets */ = {isa = PBXFileReference; lastKnownFileType = folder.assetcatalog; path = Assets.xcassets; sourceTree = "<group>"; };
		9C3C678F2739682100C1065B /* Base */ = {isa = PBXFileReference; lastKnownFileType = file.storyboard; name = Base; path = Base.lproj/LaunchScreen.storyboard; sourceTree = "<group>"; };
		9C3C67912739682100C1065B /* Info.plist */ = {isa = PBXFileReference; lastKnownFileType = text.plist.xml; path = Info.plist; sourceTree = "<group>"; };
		9C4C1715273AAD8800BADBA5 /* ViewController2.swift */ = {isa = PBXFileReference; lastKnownFileType = sourcecode.swift; path = ViewController2.swift; sourceTree = "<group>"; };
		9C4C1717273AADA000BADBA5 /* ViewController3.swift */ = {isa = PBXFileReference; lastKnownFileType = sourcecode.swift; path = ViewController3.swift; sourceTree = "<group>"; };
		9C4C1719273AADDE00BADBA5 /* ViewController4.swift */ = {isa = PBXFileReference; lastKnownFileType = sourcecode.swift; path = ViewController4.swift; sourceTree = "<group>"; };
/* End PBXFileReference section */

/* Begin PBXFrameworksBuildPhase section */
		9C3C677A2739681F00C1065B /* Frameworks */ = {
			isa = PBXFrameworksBuildPhase;
			buildActionMask = 2147483647;
			files = (
			);
			runOnlyForDeploymentPostprocessing = 0;
		};
/* End PBXFrameworksBuildPhase section */

/* Begin PBXGroup section */
		9C3C67742739681F00C1065B = {
			isa = PBXGroup;
			children = (
				9C3C677F2739681F00C1065B /* RPSAPP */,
				9C3C677E2739681F00C1065B /* Products */,
			);
			sourceTree = "<group>";
		};
		9C3C677E2739681F00C1065B /* Products */ = {
			isa = PBXGroup;
			children = (
				9C3C677D2739681F00C1065B /* RPSAPP.app */,
			);
			name = Products;
			sourceTree = "<group>";
		};
		9C3C677F2739681F00C1065B /* RPSAPP */ = {
			isa = PBXGroup;
			children = (
				9C3C67802739682000C1065B /* AppDelegate.swift */,
				9C3C67822739682000C1065B /* SceneDelegate.swift */,
				9C3C67842739682000C1065B /* ViewController.swift */,
				9C4C1715273AAD8800BADBA5 /* ViewController2.swift */,
				9C4C1717273AADA000BADBA5 /* ViewController3.swift */,
				9C4C1719273AADDE00BADBA5 /* ViewController4.swift */,
				9C3C67862739682000C1065B /* Main.storyboard */,
				9C184EFD273BFF9A0069D610 /* CustomCell.swift */,
				9C3C678C2739682100C1065B /* Assets.xcassets */,
				9C3C678E2739682100C1065B /* LaunchScreen.storyboard */,
				9C3C67912739682100C1065B /* Info.plist */,
				9C3C67892739682000C1065B /* RPSAPP.xcdatamodeld */,
			);
			path = RPSAPP;
			sourceTree = "<group>";
		};
/* End PBXGroup section */

/* Begin PBXNativeTarget section */
		9C3C677C2739681F00C1065B /* RPSAPP */ = {
			isa = PBXNativeTarget;
			buildConfigurationList = 9C3C67942739682100C1065B /* Build configuration list for PBXNativeTarget "RPSAPP" */;
			buildPhases = (
				9C3C67792739681F00C1065B /* Sources */,
				9C3C677A2739681F00C1065B /* Frameworks */,
				9C3C677B2739681F00C1065B /* Resources */,
			);
			buildRules = (
			);
			dependencies = (
			);
			name = RPSAPP;
			productName = RPSAPP;
			productReference = 9C3C677D2739681F00C1065B /* RPSAPP.app */;
			productType = "com.apple.product-type.application";
		};
/* End PBXNativeTarget section */

/* Begin PBXProject section */
		9C3C67752739681F00C1065B /* Project object */ = {
			isa = PBXProject;
			attributes = {
				BuildIndependentTargetsInParallel = 1;
				LastSwiftUpdateCheck = 1300;
				LastUpgradeCheck = 1300;
				TargetAttributes = {
					9C3C677C2739681F00C1065B = {
						CreatedOnToolsVersion = 13.0;
					};
				};
			};
			buildConfigurationList = 9C3C67782739681F00C1065B /* Build configuration list for PBXProject "RPSAPP" */;
			compatibilityVersion = "Xcode 13.0";
			developmentRegion = en;
			hasScannedForEncodings = 0;
			knownRegions = (
				en,
				Base,
			);
			mainGroup = 9C3C67742739681F00C1065B;
			productRefGroup = 9C3C677E2739681F00C1065B /* Products */;
			projectDirPath = "";
			projectRoot = "";
			targets = (
				9C3C677C2739681F00C1065B /* RPSAPP */,
			);
		};
/* End PBXProject section */

/* Begin PBXResourcesBuildPhase section */
		9C3C677B2739681F00C1065B /* Resources */ = {
			isa = PBXResourcesBuildPhase;
			buildActionMask = 2147483647;
			files = (
				9C3C67902739682100C1065B /* LaunchScreen.storyboard in Resources */,
				9C3C678D2739682100C1065B /* Assets.xcassets in Resources */,
				9C3C67882739682000C1065B /* Main.storyboard in Resources */,
			);
			runOnlyForDeploymentPostprocessing = 0;
		};
/* End PBXResourcesBuildPhase section */

/* Begin PBXSourcesBuildPhase section */
		9C3C67792739681F00C1065B /* Sources */ = {
			isa = PBXSourcesBuildPhase;
			buildActionMask = 2147483647;
			files = (
				9C4C1716273AAD8800BADBA5 /* ViewController2.swift in Sources */,
				9C4C171A273AADDE00BADBA5 /* ViewController4.swift in Sources */,
				9C3C67852739682000C1065B /* ViewController.swift in Sources */,
				9C4C1718273AADA000BADBA5 /* ViewController3.swift in Sources */,
				9C3C678B2739682000C1065B /* RPSAPP.xcdatamodeld in Sources */,
				9C3C67812739682000C1065B /* AppDelegate.swift in Sources */,
				9C184EFE273BFF9A0069D610 /* CustomCell.swift in Sources */,
				9C3C67832739682000C1065B /* SceneDelegate.swift in Sources */,
			);
			runOnlyForDeploymentPostprocessing = 0;
		};
/* End PBXSourcesBuildPhase section */

/* Begin PBXVariantGroup section */
		9C3C67862739682000C1065B /* Main.storyboard */ = {
			isa = PBXVariantGroup;
			children = (
				9C3C67872739682000C1065B /* Base */,
			);
			name = Main.storyboard;
			sourceTree = "<group>";
		};
		9C3C678E2739682100C1065B /* LaunchScreen.storyboard */ = {
			isa = PBXVariantGroup;
			children = (
				9C3C678F2739682100C1065B /* Base */,
			);
			name = LaunchScreen.storyboard;
			sourceTree = "<group>";
		};
/* End PBXVariantGroup section */

/* Begin XCBuildConfiguration section */
		9C3C67922739682100C1065B /* Debug */ = {
			isa = XCBuildConfiguration;
			buildSettings = {
				ALWAYS_SEARCH_USER_PATHS = NO;
				CLANG_ANALYZER_NONNULL = YES;
				CLANG_ANALYZER_NUMBER_OBJECT_CONVERSION = YES_AGGRESSIVE;
				CLANG_CXX_LANGUAGE_STANDARD = "gnu++17";
				CLANG_CXX_LIBRARY = "libc++";
				CLANG_ENABLE_MODULES = YES;
				CLANG_ENABLE_OBJC_ARC = YES;
				CLANG_ENABLE_OBJC_WEAK = YES;
				CLANG_WARN_BLOCK_CAPTURE_AUTORELEASING = YES;
				CLANG_WARN_BOOL_CONVERSION = YES;
				CLANG_WARN_COMMA = YES;
				CLANG_WARN_CONSTANT_CONVERSION = YES;
				CLANG_WARN_DEPRECATED_OBJC_IMPLEMENTATIONS = YES;
				CLANG_WARN_DIRECT_OBJC_ISA_USAGE = YES_ERROR;
				CLANG_WARN_DOCUMENTATION_COMMENTS = YES;
				CLANG_WARN_EMPTY_BODY = YES;
				CLANG_WARN_ENUM_CONVERSION = YES;
				CLANG_WARN_INFINITE_RECURSION = YES;
				CLANG_WARN_INT_CONVERSION = YES;
				CLANG_WARN_NON_LITERAL_NULL_CONVERSION = YES;
				CLANG_WARN_OBJC_IMPLICIT_RETAIN_SELF = YES;
				CLANG_WARN_OBJC_LITERAL_CONVERSION = YES;
				CLANG_WARN_OBJC_ROOT_CLASS = YES_ERROR;
				CLANG_WARN_QUOTED_INCLUDE_IN_FRAMEWORK_HEADER = YES;
				CLANG_WARN_RANGE_LOOP_ANALYSIS = YES;
				CLANG_WARN_STRICT_PROTOTYPES = YES;
				CLANG_WARN_SUSPICIOUS_MOVE = YES;
				CLANG_WARN_UNGUARDED_AVAILABILITY = YES_AGGRESSIVE;
				CLANG_WARN_UNREACHABLE_CODE = YES;
				CLANG_WARN__DUPLICATE_METHOD_MATCH = YES;
				COPY_PHASE_STRIP = NO;
				DEBUG_INFORMATION_FORMAT = dwarf;
				ENABLE_STRICT_OBJC_MSGSEND = YES;
				ENABLE_TESTABILITY = YES;
				GCC_C_LANGUAGE_STANDARD = gnu11;
				GCC_DYNAMIC_NO_PIC = NO;
				GCC_NO_COMMON_BLOCKS = YES;
				GCC_OPTIMIZATION_LEVEL = 0;
				GCC_PREPROCESSOR_DEFINITIONS = (
					"DEBUG=1",
					"$(inherited)",
				);
				GCC_WARN_64_TO_32_BIT_CONVERSION = YES;
				GCC_WARN_ABOUT_RETURN_TYPE = YES_ERROR;
				GCC_WARN_UNDECLARED_SELECTOR = YES;
				GCC_WARN_UNINITIALIZED_AUTOS = YES_AGGRESSIVE;
				GCC_WARN_UNUSED_FUNCTION = YES;
				GCC_WARN_UNUSED_VARIABLE = YES;
				IPHONEOS_DEPLOYMENT_TARGET = 15.0;
				MTL_ENABLE_DEBUG_INFO = INCLUDE_SOURCE;
				MTL_FAST_MATH = YES;
				ONLY_ACTIVE_ARCH = YES;
				SDKROOT = iphoneos;
				SWIFT_ACTIVE_COMPILATION_CONDITIONS = DEBUG;
				SWIFT_OPTIMIZATION_LEVEL = "-Onone";
			};
			name = Debug;
		};
		9C3C67932739682100C1065B /* Release */ = {
			isa = XCBuildConfiguration;
			buildSettings = {
				ALWAYS_SEARCH_USER_PATHS = NO;
				CLANG_ANALYZER_NONNULL = YES;
				CLANG_ANALYZER_NUMBER_OBJECT_CONVERSION = YES_AGGRESSIVE;
				CLANG_CXX_LANGUAGE_STANDARD = "gnu++17";
				CLANG_CXX_LIBRARY = "libc++";
				CLANG_ENABLE_MODULES = YES;
				CLANG_ENABLE_OBJC_ARC = YES;
				CLANG_ENABLE_OBJC_WEAK = YES;
				CLANG_WARN_BLOCK_CAPTURE_AUTORELEASING = YES;
				CLANG_WARN_BOOL_CONVERSION = YES;
				CLANG_WARN_COMMA = YES;
				CLANG_WARN_CONSTANT_CONVERSION = YES;
				CLANG_WARN_DEPRECATED_OBJC_IMPLEMENTATIONS = YES;
				CLANG_WARN_DIRECT_OBJC_ISA_USAGE = YES_ERROR;
				CLANG_WARN_DOCUMENTATION_COMMENTS = YES;
				CLANG_WARN_EMPTY_BODY = YES;
				CLANG_WARN_ENUM_CONVERSION = YES;
				CLANG_WARN_INFINITE_RECURSION = YES;
				CLANG_WARN_INT_CONVERSION = YES;
				CLANG_WARN_NON_LITERAL_NULL_CONVERSION = YES;
				CLANG_WARN_OBJC_IMPLICIT_RETAIN_SELF = YES;
				CLANG_WARN_OBJC_LITERAL_CONVERSION = YES;
				CLANG_WARN_OBJC_ROOT_CLASS = YES_ERROR;
				CLANG_WARN_QUOTED_INCLUDE_IN_FRAMEWORK_HEADER = YES;
				CLANG_WARN_RANGE_LOOP_ANALYSIS = YES;
				CLANG_WARN_STRICT_PROTOTYPES = YES;
				CLANG_WARN_SUSPICIOUS_MOVE = YES;
				CLANG_WARN_UNGUARDED_AVAILABILITY = YES_AGGRESSIVE;
				CLANG_WARN_UNREACHABLE_CODE = YES;
				CLANG_WARN__DUPLICATE_METHOD_MATCH = YES;
				COPY_PHASE_STRIP = NO;
				DEBUG_INFORMATION_FORMAT = "dwarf-with-dsym";
				ENABLE_NS_ASSERTIONS = NO;
				ENABLE_STRICT_OBJC_MSGSEND = YES;
				GCC_C_LANGUAGE_STANDARD = gnu11;
				GCC_NO_COMMON_BLOCKS = YES;
				GCC_WARN_64_TO_32_BIT_CONVERSION = YES;
				GCC_WARN_ABOUT_RETURN_TYPE = YES_ERROR;
				GCC_WARN_UNDECLARED_SELECTOR = YES;
				GCC_WARN_UNINITIALIZED_AUTOS = YES_AGGRESSIVE;
				GCC_WARN_UNUSED_FUNCTION = YES;
				GCC_WARN_UNUSED_VARIABLE = YES;
				IPHONEOS_DEPLOYMENT_TARGET = 15.0;
				MTL_ENABLE_DEBUG_INFO = NO;
				MTL_FAST_MATH = YES;
				SDKROOT = iphoneos;
				SWIFT_COMPILATION_MODE = wholemodule;
				SWIFT_OPTIMIZATION_LEVEL = "-O";
				VALIDATE_PRODUCT = YES;
			};
			name = Release;
		};
		9C3C67952739682100C1065B /* Debug */ = {
			isa = XCBuildConfiguration;
			buildSettings = {
				ASSETCATALOG_COMPILER_APPICON_NAME = AppIcon;
				ASSETCATALOG_COMPILER_GLOBAL_ACCENT_COLOR_NAME = AccentColor;
				CODE_SIGN_STYLE = Automatic;
				CURRENT_PROJECT_VERSION = 1;
				DEVELOPMENT_TEAM = JT5C6XJPAQ;
				GENERATE_INFOPLIST_FILE = YES;
				INFOPLIST_FILE = RPSAPP/Info.plist;
				INFOPLIST_KEY_UIApplicationSupportsIndirectInputEvents = YES;
				INFOPLIST_KEY_UILaunchStoryboardName = LaunchScreen;
				INFOPLIST_KEY_UIMainStoryboardFile = Main;
				INFOPLIST_KEY_UISupportedInterfaceOrientations_iPad = "UIInterfaceOrientationPortrait UIInterfaceOrientationPortraitUpsideDown UIInterfaceOrientationLandscapeLeft UIInterfaceOrientationLandscapeRight";
				INFOPLIST_KEY_UISupportedInterfaceOrientations_iPhone = "UIInterfaceOrientationPortrait UIInterfaceOrientationLandscapeLeft UIInterfaceOrientationLandscapeRight";
				LD_RUNPATH_SEARCH_PATHS = (
					"$(inherited)",
					"@executable_path/Frameworks",
				);
				MARKETING_VERSION = 1.0;
				PRODUCT_BUNDLE_IDENTIFIER = CLC.RPSAPP;
				PRODUCT_NAME = "$(TARGET_NAME)";
				SWIFT_EMIT_LOC_STRINGS = YES;
				SWIFT_VERSION = 5.0;
				TARGETED_DEVICE_FAMILY = "1,2";
			};
			name = Debug;
		};
		9C3C67962739682100C1065B /* Release */ = {
			isa = XCBuildConfiguration;
			buildSettings = {
				ASSETCATALOG_COMPILER_APPICON_NAME = AppIcon;
				ASSETCATALOG_COMPILER_GLOBAL_ACCENT_COLOR_NAME = AccentColor;
				CODE_SIGN_STYLE = Automatic;
				CURRENT_PROJECT_VERSION = 1;
				DEVELOPMENT_TEAM = JT5C6XJPAQ;
				GENERATE_INFOPLIST_FILE = YES;
				INFOPLIST_FILE = RPSAPP/Info.plist;
				INFOPLIST_KEY_UIApplicationSupportsIndirectInputEvents = YES;
				INFOPLIST_KEY_UILaunchStoryboardName = LaunchScreen;
				INFOPLIST_KEY_UIMainStoryboardFile = Main;
				INFOPLIST_KEY_UISupportedInterfaceOrientations_iPad = "UIInterfaceOrientationPortrait UIInterfaceOrientationPortraitUpsideDown UIInterfaceOrientationLandscapeLeft UIInterfaceOrientationLandscapeRight";
				INFOPLIST_KEY_UISupportedInterfaceOrientations_iPhone = "UIInterfaceOrientationPortrait UIInterfaceOrientationLandscapeLeft UIInterfaceOrientationLandscapeRight";
				LD_RUNPATH_SEARCH_PATHS = (
					"$(inherited)",
					"@executable_path/Frameworks",
				);
				MARKETING_VERSION = 1.0;
				PRODUCT_BUNDLE_IDENTIFIER = CLC.RPSAPP;
				PRODUCT_NAME = "$(TARGET_NAME)";
				SWIFT_EMIT_LOC_STRINGS = YES;
				SWIFT_VERSION = 5.0;
				TARGETED_DEVICE_FAMILY = "1,2";
			};
			name = Release;
		};
/* End XCBuildConfiguration section */

/* Begin XCConfigurationList section */
		9C3C67782739681F00C1065B /* Build configuration list for PBXProject "RPSAPP" */ = {
			isa = XCConfigurationList;
			buildConfigurations = (
				9C3C67922739682100C1065B /* Debug */,
				9C3C67932739682100C1065B /* Release */,
			);
			defaultConfigurationIsVisible = 0;
			defaultConfigurationName = Release;
		};
		9C3C67942739682100C1065B /* Build configuration list for PBXNativeTarget "RPSAPP" */ = {
			isa = XCConfigurationList;
			buildConfigurations = (
				9C3C67952739682100C1065B /* Debug */,
				9C3C67962739682100C1065B /* Release */,
			);
			defaultConfigurationIsVisible = 0;
			defaultConfigurationName = Release;
		};
/* End XCConfigurationList section */

/* Begin XCVersionGroup section */
		9C3C67892739682000C1065B /* RPSAPP.xcdatamodeld */ = {
			isa = XCVersionGroup;
			children = (
				9C3C678A2739682000C1065B /* RPSAPP.xcdatamodel */,
			);
			currentVersion = 9C3C678A2739682000C1065B /* RPSAPP.xcdatamodel */;
			path = RPSAPP.xcdatamodeld;
			sourceTree = "<group>";
			versionGroupType = wrapper.xcdatamodel;
		};
/* End XCVersionGroup section */
	};
	rootObject = 9C3C67752739681F00C1065B /* Project object */;
}
